// !$*UTF8*$!
{
	archiveVersion = 1;
	classes = {
	};
	objectVersion = 46;
	objects = {

/* Begin PBXBuildFile section */
		081273161C58BF1B00685925 /* AppDelegate.swift in Sources */ = {isa = PBXBuildFile; fileRef = 081273151C58BF1B00685925 /* AppDelegate.swift */; };
		081273181C58BF1B00685925 /* ViewController.swift in Sources */ = {isa = PBXBuildFile; fileRef = 081273171C58BF1B00685925 /* ViewController.swift */; };
		0812731B1C58BF1B00685925 /* Main.storyboard in Resources */ = {isa = PBXBuildFile; fileRef = 081273191C58BF1B00685925 /* Main.storyboard */; };
		0812731D1C58BF1B00685925 /* Assets.xcassets in Resources */ = {isa = PBXBuildFile; fileRef = 0812731C1C58BF1B00685925 /* Assets.xcassets */; };
		081273201C58BF1B00685925 /* LaunchScreen.storyboard in Resources */ = {isa = PBXBuildFile; fileRef = 0812731E1C58BF1B00685925 /* LaunchScreen.storyboard */; };
		0812732B1C58BF1B00685925 /* OwnDictionaryTests.swift in Sources */ = {isa = PBXBuildFile; fileRef = 0812732A1C58BF1B00685925 /* OwnDictionaryTests.swift */; };
/* End PBXBuildFile section */

/* Begin PBXContainerItemProxy section */
		081273271C58BF1B00685925 /* PBXContainerItemProxy */ = {
			isa = PBXContainerItemProxy;
			containerPortal = 0812730A1C58BF1A00685925 /* Project object */;
			proxyType = 1;
			remoteGlobalIDString = 081273111C58BF1A00685925;
			remoteInfo = OwnDictionary;
		};
/* End PBXContainerItemProxy section */

/* Begin PBXFileReference section */
		081273121C58BF1B00685925 /* OwnDictionary.app */ = {isa = PBXFileReference; explicitFileType = wrapper.application; includeInIndex = 0; path = OwnDictionary.app; sourceTree = BUILT_PRODUCTS_DIR; };
		081273151C58BF1B00685925 /* AppDelegate.swift */ = {isa = PBXFileReference; lastKnownFileType = sourcecode.swift; path = AppDelegate.swift; sourceTree = "<group>"; };
		081273171C58BF1B00685925 /* ViewController.swift */ = {isa = PBXFileReference; lastKnownFileType = sourcecode.swift; path = ViewController.swift; sourceTree = "<group>"; };
		0812731A1C58BF1B00685925 /* Base */ = {isa = PBXFileReference; lastKnownFileType = file.storyboard; name = Base; path = Base.lproj/Main.storyboard; sourceTree = "<group>"; };
		0812731C1C58BF1B00685925 /* Assets.xcassets */ = {isa = PBXFileReference; lastKnownFileType = folder.assetcatalog; path = Assets.xcassets; sourceTree = "<group>"; };
		0812731F1C58BF1B00685925 /* Base */ = {isa = PBXFileReference; lastKnownFileType = file.storyboard; name = Base; path = Base.lproj/LaunchScreen.storyboard; sourceTree = "<group>"; };
		081273211C58BF1B00685925 /* Info.plist */ = {isa = PBXFileReference; lastKnownFileType = text.plist.xml; path = Info.plist; sourceTree = "<group>"; };
		081273261C58BF1B00685925 /* OwnDictionaryTests.xctest */ = {isa = PBXFileReference; explicitFileType = wrapper.cfbundle; includeInIndex = 0; path = OwnDictionaryTests.xctest; sourceTree = BUILT_PRODUCTS_DIR; };
		0812732A1C58BF1B00685925 /* OwnDictionaryTests.swift */ = {isa = PBXFileReference; lastKnownFileType = sourcecode.swift; path = OwnDictionaryTests.swift; sourceTree = "<group>"; };
		0812732C1C58BF1B00685925 /* Info.plist */ = {isa = PBXFileReference; lastKnownFileType = text.plist.xml; path = Info.plist; sourceTree = "<group>"; };
/* End PBXFileReference section */

/* Begin PBXFrameworksBuildPhase section */
		0812730F1C58BF1A00685925 /* Frameworks */ = {
			isa = PBXFrameworksBuildPhase;
			buildActionMask = 2147483647;
			files = (
			);
			runOnlyForDeploymentPostprocessing = 0;
		};
		081273231C58BF1B00685925 /* Frameworks */ = {
			isa = PBXFrameworksBuildPhase;
			buildActionMask = 2147483647;
			files = (
			);
			runOnlyForDeploymentPostprocessing = 0;
		};
/* End PBXFrameworksBuildPhase section */

/* Begin PBXGroup section */
		081273091C58BF1A00685925 = {
			isa = PBXGroup;
			children = (
				081273141C58BF1B00685925 /* OwnDictionary */,
				081273291C58BF1B00685925 /* OwnDictionaryTests */,
				081273131C58BF1B00685925 /* Products */,
			);
			sourceTree = "<group>";
		};
		081273131C58BF1B00685925 /* Products */ = {
			isa = PBXGroup;
			children = (
				081273121C58BF1B00685925 /* OwnDictionary.app */,
				081273261C58BF1B00685925 /* OwnDictionaryTests.xctest */,
			);
			name = Products;
			sourceTree = "<group>";
		};
		081273141C58BF1B00685925 /* OwnDictionary */ = {
			isa = PBXGroup;
			children = (
				081273151C58BF1B00685925 /* AppDelegate.swift */,
				081273171C58BF1B00685925 /* ViewController.swift */,
				081273191C58BF1B00685925 /* Main.storyboard */,
				0812731C1C58BF1B00685925 /* Assets.xcassets */,
				0812731E1C58BF1B00685925 /* LaunchScreen.storyboard */,
				081273211C58BF1B00685925 /* Info.plist */,
			);
			path = OwnDictionary;
			sourceTree = "<group>";
		};
		081273291C58BF1B00685925 /* OwnDictionaryTests */ = {
			isa = PBXGroup;
			children = (
				0812732A1C58BF1B00685925 /* OwnDictionaryTests.swift */,
				0812732C1C58BF1B00685925 /* Info.plist */,
			);
			path = OwnDictionaryTests;
			sourceTree = "<group>";
		};
/* End PBXGroup section */

/* Begin PBXNativeTarget section */
		081273111C58BF1A00685925 /* OwnDictionary */ = {
			isa = PBXNativeTarget;
			buildConfigurationList = 0812732F1C58BF1B00685925 /* Build configuration list for PBXNativeTarget "OwnDictionary" */;
			buildPhases = (
				0812730E1C58BF1A00685925 /* Sources */,
				0812730F1C58BF1A00685925 /* Frameworks */,
				081273101C58BF1A00685925 /* Resources */,
			);
			buildRules = (
			);
			dependencies = (
			);
			name = OwnDictionary;
			productName = OwnDictionary;
			productReference = 081273121C58BF1B00685925 /* OwnDictionary.app */;
			productType = "com.apple.product-type.application";
		};
		081273251C58BF1B00685925 /* OwnDictionaryTests */ = {
			isa = PBXNativeTarget;
			buildConfigurationList = 081273321C58BF1B00685925 /* Build configuration list for PBXNativeTarget "OwnDictionaryTests" */;
			buildPhases = (
				081273221C58BF1B00685925 /* Sources */,
				081273231C58BF1B00685925 /* Frameworks */,
				081273241C58BF1B00685925 /* Resources */,
			);
			buildRules = (
			);
			dependencies = (
				081273281C58BF1B00685925 /* PBXTargetDependency */,
			);
			name = OwnDictionaryTests;
			productName = OwnDictionaryTests;
			productReference = 081273261C58BF1B00685925 /* OwnDictionaryTests.xctest */;
			productType = "com.apple.product-type.bundle.unit-test";
		};
/* End PBXNativeTarget section */

/* Begin PBXProject section */
		0812730A1C58BF1A00685925 /* Project object */ = {
			isa = PBXProject;
			attributes = {
				LastSwiftUpdateCheck = 0720;
				LastUpgradeCheck = 0720;
				ORGANIZATIONNAME = "Rodin Artem";
				TargetAttributes = {
					081273111C58BF1A00685925 = {
						CreatedOnToolsVersion = 7.2;
						DevelopmentTeam = B9PQMDW44Y;
					};
					081273251C58BF1B00685925 = {
						CreatedOnToolsVersion = 7.2;
						DevelopmentTeam = B9PQMDW44Y;
						TestTargetID = 081273111C58BF1A00685925;
					};
				};
			};
			buildConfigurationList = 0812730D1C58BF1A00685925 /* Build configuration list for PBXProject "OwnDictionary" */;
			compatibilityVersion = "Xcode 3.2";
			developmentRegion = English;
			hasScannedForEncodings = 0;
			knownRegions = (
				en,
				Base,
			);
			mainGroup = 081273091C58BF1A00685925;
			productRefGroup = 081273131C58BF1B00685925 /* Products */;
			projectDirPath = "";
			projectRoot = "";
			targets = (
				081273111C58BF1A00685925 /* OwnDictionary */,
				081273251C58BF1B00685925 /* OwnDictionaryTests */,
			);
		};
/* End PBXProject section */

/* Begin PBXResourcesBuildPhase section */
		081273101C58BF1A00685925 /* Resources */ = {
			isa = PBXResourcesBuildPhase;
			buildActionMask = 2147483647;
			files = (
				081273201C58BF1B00685925 /* LaunchScreen.storyboard in Resources */,
				0812731D1C58BF1B00685925 /* Assets.xcassets in Resources */,
				0812731B1C58BF1B00685925 /* Main.storyboard in Resources */,
			);
			runOnlyForDeploymentPostprocessing = 0;
		};
		081273241C58BF1B00685925 /* Resources */ = {
			isa = PBXResourcesBuildPhase;
			buildActionMask = 2147483647;
			files = (
			);
			runOnlyForDeploymentPostprocessing = 0;
		};
/* End PBXResourcesBuildPhase section */

/* Begin PBXSourcesBuildPhase section */
		0812730E1C58BF1A00685925 /* Sources */ = {
			isa = PBXSourcesBuildPhase;
			buildActionMask = 2147483647;
			files = (
				081273181C58BF1B00685925 /* ViewController.swift in Sources */,
				081273161C58BF1B00685925 /* AppDelegate.swift in Sources */,
			);
			runOnlyForDeploymentPostprocessing = 0;
		};
		081273221C58BF1B00685925 /* Sources */ = {
			isa = PBXSourcesBuildPhase;
			buildActionMask = 2147483647;
			files = (
				0812732B1C58BF1B00685925 /* OwnDictionaryTests.swift in Sources */,
			);
			runOnlyForDeploymentPostprocessing = 0;
		};
/* End PBXSourcesBuildPhase section */

/* Begin PBXTargetDependency section */
		081273281C58BF1B00685925 /* PBXTargetDependency */ = {
			isa = PBXTargetDependency;
			target = 081273111C58BF1A00685925 /* OwnDictionary */;
			targetProxy = 081273271C58BF1B00685925 /* PBXContainerItemProxy */;
		};
/* End PBXTargetDependency section */

/* Begin PBXVariantGroup section */
		081273191C58BF1B00685925 /* Main.storyboard */ = {
			isa = PBXVariantGroup;
			children = (
				0812731A1C58BF1B00685925 /* Base */,
			);
			name = Main.storyboard;
			sourceTree = "<group>";
		};
		0812731E1C58BF1B00685925 /* LaunchScreen.storyboard */ = {
			isa = PBXVariantGroup;
			children = (
				0812731F1C58BF1B00685925 /* Base */,
			);
			name = LaunchScreen.storyboard;
			sourceTree = "<group>";
		};
/* End PBXVariantGroup section */

/* Begin XCBuildConfiguration section */
		0812732D1C58BF1B00685925 /* Debug */ = {
			isa = XCBuildConfiguration;
			buildSettings = {
				ALWAYS_SEARCH_USER_PATHS = NO;
				CLANG_CXX_LANGUAGE_STANDARD = "gnu++0x";
				CLANG_CXX_LIBRARY = "libc++";
				CLANG_ENABLE_MODULES = YES;
				CLANG_ENABLE_OBJC_ARC = YES;
				CLANG_WARN_BOOL_CONVERSION = YES;
				CLANG_WARN_CONSTANT_CONVERSION = YES;
				CLANG_WARN_DIRECT_OBJC_ISA_USAGE = YES_ERROR;
				CLANG_WARN_EMPTY_BODY = YES;
				CLANG_WARN_ENUM_CONVERSION = YES;
				CLANG_WARN_INT_CONVERSION = YES;
				CLANG_WARN_OBJC_ROOT_CLASS = YES_ERROR;
				CLANG_WARN_UNREACHABLE_CODE = YES;
				CLANG_WARN__DUPLICATE_METHOD_MATCH = YES;
				"CODE_SIGN_IDENTITY[sdk=iphoneos*]" = "iPhone Developer";
				COPY_PHASE_STRIP = NO;
				DEBUG_INFORMATION_FORMAT = dwarf;
				ENABLE_STRICT_OBJC_MSGSEND = YES;
				ENABLE_TESTABILITY = YES;
				GCC_C_LANGUAGE_STANDARD = gnu99;
				GCC_DYNAMIC_NO_PIC = NO;
				GCC_NO_COMMON_BLOCKS = YES;
				GCC_OPTIMIZATION_LEVEL = 0;
				GCC_PREPROCESSOR_DEFINITIONS = (
					"DEBUG=1",
					"$(inherited)",
				);
				GCC_WARN_64_TO_32_BIT_CONVERSION = YES;
				GCC_WARN_ABOUT_RETURN_TYPE = YES_ERROR;
				GCC_WARN_UNDECLARED_SELECTOR = YES;
				GCC_WARN_UNINITIALIZED_AUTOS = YES_AGGRESSIVE;
				GCC_WARN_UNUSED_FUNCTION = YES;
				GCC_WARN_UNUSED_VARIABLE = YES;
				IPHONEOS_DEPLOYMENT_TARGET = 9.2;
				MTL_ENABLE_DEBUG_INFO = YES;
				ONLY_ACTIVE_ARCH = YES;
				SDKROOT = iphoneos;
				SWIFT_OPTIMIZATION_LEVEL = "-Onone";
				TARGETED_DEVICE_FAMILY = "1,2";
			};
			name = Debug;
		};
		0812732E1C58BF1B00685925 /* Release */ = {
			isa = XCBuildConfiguration;
			buildSettings = {
				ALWAYS_SEARCH_USER_PATHS = NO;
				CLANG_CXX_LANGUAGE_STANDARD = "gnu++0x";
				CLANG_CXX_LIBRARY = "libc++";
				CLANG_ENABLE_MODULES = YES;
				CLANG_ENABLE_OBJC_ARC = YES;
				CLANG_WARN_BOOL_CONVERSION = YES;
				CLANG_WARN_CONSTANT_CONVERSION = YES;
				CLANG_WARN_DIRECT_OBJC_ISA_USAGE = YES_ERROR;
				CLANG_WARN_EMPTY_BODY = YES;
				CLANG_WARN_ENUM_CONVERSION = YES;
				CLANG_WARN_INT_CONVERSION = YES;
				CLANG_WARN_OBJC_ROOT_CLASS = YES_ERROR;
				CLANG_WARN_UNREACHABLE_CODE = YES;
				CLANG_WARN__DUPLICATE_METHOD_MATCH = YES;
				"CODE_SIGN_IDENTITY[sdk=iphoneos*]" = "iPhone Developer";
				COPY_PHASE_STRIP = NO;
				DEBUG_INFORMATION_FORMAT = "dwarf-with-dsym";
				ENABLE_NS_ASSERTIONS = NO;
				ENABLE_STRICT_OBJC_MSGSEND = YES;
				GCC_C_LANGUAGE_STANDARD = gnu99;
				GCC_NO_COMMON_BLOCKS = YES;
				GCC_WARN_64_TO_32_BIT_CONVERSION = YES;
				GCC_WARN_ABOUT_RETURN_TYPE = YES_ERROR;
				GCC_WARN_UNDECLARED_SELECTOR = YES;
				GCC_WARN_UNINITIALIZED_AUTOS = YES_AGGRESSIVE;
				GCC_WARN_UNUSED_FUNCTION = YES;
				GCC_WARN_UNUSED_VARIABLE = YES;
				IPHONEOS_DEPLOYMENT_TARGET = 9.2;
				MTL_ENABLE_DEBUG_INFO = NO;
				SDKROOT = iphoneos;
				TARGETED_DEVICE_FAMILY = "1,2";
				VALIDATE_PRODUCT = YES;
			};
			name = Release;
		};
		081273301C58BF1B00685925 /* Debug */ = {
			isa = XCBuildConfiguration;
			buildSettings = {
				ASSETCATALOG_COMPILER_APPICON_NAME = AppIcon;
				INFOPLIST_FILE = OwnDictionary/Info.plist;
				LD_RUNPATH_SEARCH_PATHS = "$(inherited) @executable_path/Frameworks";
				PRODUCT_BUNDLE_IDENTIFIER = com.example.OwnDictionary;
				PRODUCT_NAME = "$(TARGET_NAME)";
			};
			name = Debug;
		};
		081273311C58BF1B00685925 /* Release */ = {
			isa = XCBuildConfiguration;
			buildSettings = {
				ASSETCATALOG_COMPILER_APPICON_NAME = AppIcon;
				INFOPLIST_FILE = OwnDictionary/Info.plist;
				LD_RUNPATH_SEARCH_PATHS = "$(inherited) @executable_path/Frameworks";
				PRODUCT_BUNDLE_IDENTIFIER = com.example.OwnDictionary;
				PRODUCT_NAME = "$(TARGET_NAME)";
			};
			name = Release;
		};
		081273331C58BF1B00685925 /* Debug */ = {
			isa = XCBuildConfiguration;
			buildSettings = {
				BUNDLE_LOADER = "$(TEST_HOST)";
				INFOPLIST_FILE = OwnDictionaryTests/Info.plist;
				LD_RUNPATH_SEARCH_PATHS = "$(inherited) @executable_path/Frameworks @loader_path/Frameworks";
				PRODUCT_BUNDLE_IDENTIFIER = com.example.OwnDictionaryTests;
				PRODUCT_NAME = "$(TARGET_NAME)";
				TEST_HOST = "$(BUILT_PRODUCTS_DIR)/OwnDictionary.app/OwnDictionary";
			};
			name = Debug;
		};
		081273341C58BF1B00685925 /* Release */ = {
			isa = XCBuildConfiguration;
			buildSettings = {
				BUNDLE_LOADER = "$(TEST_HOST)";
				INFOPLIST_FILE = OwnDictionaryTests/Info.plist;
				LD_RUNPATH_SEARCH_PATHS = "$(inherited) @executable_path/Frameworks @loader_path/Frameworks";
				PRODUCT_BUNDLE_IDENTIFIER = com.example.OwnDictionaryTests;
				PRODUCT_NAME = "$(TARGET_NAME)";
				TEST_HOST = "$(BUILT_PRODUCTS_DIR)/OwnDictionary.app/OwnDictionary";
			};
			name = Release;
		};
/* End XCBuildConfiguration section */

/* Begin XCConfigurationList section */
		0812730D1C58BF1A00685925 /* Build configuration list for PBXProject "OwnDictionary" */ = {
			isa = XCConfigurationList;
			buildConfigurations = (
				0812732D1C58BF1B00685925 /* Debug */,
				0812732E1C58BF1B00685925 /* Release */,
			);
			defaultConfigurationIsVisible = 0;
			defaultConfigurationName = Release;
		};
		0812732F1C58BF1B00685925 /* Build configuration list for PBXNativeTarget "OwnDictionary" */ = {
			isa = XCConfigurationList;
			buildConfigurations = (
				081273301C58BF1B00685925 /* Debug */,
				081273311C58BF1B00685925 /* Release */,
			);
			defaultConfigurationIsVisible = 0;
		};
		081273321C58BF1B00685925 /* Build configuration list for PBXNativeTarget "OwnDictionaryTests" */ = {
			isa = XCConfigurationList;
			buildConfigurations = (
				081273331C58BF1B00685925 /* Debug */,
				081273341C58BF1B00685925 /* Release */,
			);
			defaultConfigurationIsVisible = 0;
		};
/* End XCConfigurationList section */
	};
	rootObject = 0812730A1C58BF1A00685925 /* Project object */;
}
